
Microsoft Visual Studio Solution File, Format Version 12.00
# Visual Studio Version 16
VisualStudioVersion = 16.0.28803.352
MinimumVisualStudioVersion = 10.0.40219.1
Project("{9A19103F-16F7-4668-BE54-9A1E7A4F7556}") = "Test_API", "Test_API.csproj", "{693B790D-5B3A-4EB6-A63C-3207489FB3C7}"
EndProject
Project("{9A19103F-16F7-4668-BE54-9A1E7A4F7556}") = "API_Colecoes", "..\API_Colecoes\API_Colecoes.csproj", "{2B9482AA-E1AB-4628-8204-77909D6414B7}"
EndProject
Global
	GlobalSection(SolutionConfigurationPlatforms) = preSolution
		Debug|Any CPU = Debug|Any CPU
		Release|Any CPU = Release|Any CPU
	EndGlobalSection
	GlobalSection(ProjectConfigurationPlatforms) = postSolution
		{693B790D-5B3A-4EB6-A63C-3207489FB3C7}.Debug|Any CPU.ActiveCfg = Debug|Any CPU
		{693B790D-5B3A-4EB6-A63C-3207489FB3C7}.Debug|Any CPU.Build.0 = Debug|Any CPU
		{693B790D-5B3A-4EB6-A63C-3207489FB3C7}.Release|Any CPU.ActiveCfg = Release|Any CPU
		{693B790D-5B3A-4EB6-A63C-3207489FB3C7}.Release|Any CPU.Build.0 = Release|Any CPU
		{2B9482AA-E1AB-4628-8204-77909D6414B7}.Debug|Any CPU.ActiveCfg = Debug|Any CPU
		{2B9482AA-E1AB-4628-8204-77909D6414B7}.Debug|Any CPU.Build.0 = Debug|Any CPU
		{2B9482AA-E1AB-4628-8204-77909D6414B7}.Release|Any CPU.ActiveCfg = Release|Any CPU
		{2B9482AA-E1AB-4628-8204-77909D6414B7}.Release|Any CPU.Build.0 = Release|Any CPU
	EndGlobalSection
	GlobalSection(SolutionProperties) = preSolution
		HideSolutionNode = FALSE
	EndGlobalSection
	GlobalSection(ExtensibilityGlobals) = postSolution
		SolutionGuid = {A656F07D-3B49-4ECF-B99C-065BFD34DC63}
	EndGlobalSection
EndGlobal
